
Microsoft Visual Studio Solution File, Format Version 12.00
# Visual Studio Version 16
VisualStudioVersion = 16.0.30611.23
MinimumVisualStudioVersion = 10.0.40219.1
Project("{9A19103F-16F7-4668-BE54-9A1E7A4F7556}") = "CheckoutEPay", "CheckoutEPay.csproj", "{3BDBB494-B8A9-467B-8330-CF9000E36A28}"
EndProject
Project("{FAE04EC0-301F-11D3-BF4B-00C04F79EFBC}") = "CheckoutEpayTests", "..\CheckoutEpayTests\CheckoutEpayTests.csproj", "{FC400DC7-452B-41D7-87B2-6F7C56A74EE1}"
EndProject
Global
	GlobalSection(SolutionConfigurationPlatforms) = preSolution
		Debug|Any CPU = Debug|Any CPU
		Release|Any CPU = Release|Any CPU
	EndGlobalSection
	GlobalSection(ProjectConfigurationPlatforms) = postSolution
		{3BDBB494-B8A9-467B-8330-CF9000E36A28}.Debug|Any CPU.ActiveCfg = Debug|Any CPU
		{3BDBB494-B8A9-467B-8330-CF9000E36A28}.Debug|Any CPU.Build.0 = Debug|Any CPU
		{3BDBB494-B8A9-467B-8330-CF9000E36A28}.Release|Any CPU.ActiveCfg = Release|Any CPU
		{3BDBB494-B8A9-467B-8330-CF9000E36A28}.Release|Any CPU.Build.0 = Release|Any CPU
		{FC400DC7-452B-41D7-87B2-6F7C56A74EE1}.Debug|Any CPU.ActiveCfg = Debug|Any CPU
		{FC400DC7-452B-41D7-87B2-6F7C56A74EE1}.Debug|Any CPU.Build.0 = Debug|Any CPU
		{FC400DC7-452B-41D7-87B2-6F7C56A74EE1}.Release|Any CPU.ActiveCfg = Release|Any CPU
		{FC400DC7-452B-41D7-87B2-6F7C56A74EE1}.Release|Any CPU.Build.0 = Release|Any CPU
	EndGlobalSection
	GlobalSection(SolutionProperties) = preSolution
		HideSolutionNode = FALSE
	EndGlobalSection
	GlobalSection(ExtensibilityGlobals) = postSolution
		SolutionGuid = {32E230F2-EDC7-4BBF-96C9-5F0144CA739F}
	EndGlobalSection
EndGlobal
